// !$*UTF8*$!
{
	archiveVersion = 1;
	classes = {
	};
	objectVersion = 46;
	objects = {

/* Begin PBXBuildFile section */
		FB705AB51A521FF0000B5437 /* AppDelegate.swift in Sources */ = {isa = PBXBuildFile; fileRef = FB705AB41A521FF0000B5437 /* AppDelegate.swift */; };
		FB705AB71A521FF0000B5437 /* ViewController.swift in Sources */ = {isa = PBXBuildFile; fileRef = FB705AB61A521FF0000B5437 /* ViewController.swift */; };
		FB705ABA1A521FF0000B5437 /* Main.storyboard in Resources */ = {isa = PBXBuildFile; fileRef = FB705AB81A521FF0000B5437 /* Main.storyboard */; };
		FB705ABC1A521FF0000B5437 /* Images.xcassets in Resources */ = {isa = PBXBuildFile; fileRef = FB705ABB1A521FF0000B5437 /* Images.xcassets */; };
		FB705ABF1A521FF0000B5437 /* LaunchScreen.xib in Resources */ = {isa = PBXBuildFile; fileRef = FB705ABD1A521FF0000B5437 /* LaunchScreen.xib */; };
		FB705ACB1A521FF0000B5437 /* MemeGeneratorTests.swift in Sources */ = {isa = PBXBuildFile; fileRef = FB705ACA1A521FF0000B5437 /* MemeGeneratorTests.swift */; };
		FB705AD51A5223B4000B5437 /* MemeViewController.swift in Sources */ = {isa = PBXBuildFile; fileRef = FB705AD41A5223B4000B5437 /* MemeViewController.swift */; };
/* End PBXBuildFile section */

/* Begin PBXContainerItemProxy section */
		FB705AC51A521FF0000B5437 /* PBXContainerItemProxy */ = {
			isa = PBXContainerItemProxy;
			containerPortal = FB705AA71A521FF0000B5437 /* Project object */;
			proxyType = 1;
			remoteGlobalIDString = FB705AAE1A521FF0000B5437;
			remoteInfo = MemeGenerator;
		};
/* End PBXContainerItemProxy section */

/* Begin PBXFileReference section */
		FB705AAF1A521FF0000B5437 /* MemeGenerator.app */ = {isa = PBXFileReference; explicitFileType = wrapper.application; includeInIndex = 0; path = MemeGenerator.app; sourceTree = BUILT_PRODUCTS_DIR; };
		FB705AB31A521FF0000B5437 /* Info.plist */ = {isa = PBXFileReference; lastKnownFileType = text.plist.xml; path = Info.plist; sourceTree = "<group>"; };
		FB705AB41A521FF0000B5437 /* AppDelegate.swift */ = {isa = PBXFileReference; lastKnownFileType = sourcecode.swift; path = AppDelegate.swift; sourceTree = "<group>"; };
		FB705AB61A521FF0000B5437 /* ViewController.swift */ = {isa = PBXFileReference; lastKnownFileType = sourcecode.swift; path = ViewController.swift; sourceTree = "<group>"; };
		FB705AB91A521FF0000B5437 /* Base */ = {isa = PBXFileReference; lastKnownFileType = file.storyboard; name = Base; path = Base.lproj/Main.storyboard; sourceTree = "<group>"; };
		FB705ABB1A521FF0000B5437 /* Images.xcassets */ = {isa = PBXFileReference; lastKnownFileType = folder.assetcatalog; path = Images.xcassets; sourceTree = "<group>"; };
		FB705ABE1A521FF0000B5437 /* Base */ = {isa = PBXFileReference; lastKnownFileType = file.xib; name = Base; path = Base.lproj/LaunchScreen.xib; sourceTree = "<group>"; };
		FB705AC41A521FF0000B5437 /* MemeGeneratorTests.xctest */ = {isa = PBXFileReference; explicitFileType = wrapper.cfbundle; includeInIndex = 0; path = MemeGeneratorTests.xctest; sourceTree = BUILT_PRODUCTS_DIR; };
		FB705AC91A521FF0000B5437 /* Info.plist */ = {isa = PBXFileReference; lastKnownFileType = text.plist.xml; path = Info.plist; sourceTree = "<group>"; };
		FB705ACA1A521FF0000B5437 /* MemeGeneratorTests.swift */ = {isa = PBXFileReference; lastKnownFileType = sourcecode.swift; path = MemeGeneratorTests.swift; sourceTree = "<group>"; };
		FB705AD41A5223B4000B5437 /* MemeViewController.swift */ = {isa = PBXFileReference; fileEncoding = 4; lastKnownFileType = sourcecode.swift; path = MemeViewController.swift; sourceTree = "<group>"; };
/* End PBXFileReference section */

/* Begin PBXFrameworksBuildPhase section */
		FB705AAC1A521FF0000B5437 /* Frameworks */ = {
			isa = PBXFrameworksBuildPhase;
			buildActionMask = 2147483647;
			files = (
			);
			runOnlyForDeploymentPostprocessing = 0;
		};
		FB705AC11A521FF0000B5437 /* Frameworks */ = {
			isa = PBXFrameworksBuildPhase;
			buildActionMask = 2147483647;
			files = (
			);
			runOnlyForDeploymentPostprocessing = 0;
		};
/* End PBXFrameworksBuildPhase section */

/* Begin PBXGroup section */
		FB705AA61A521FF0000B5437 = {
			isa = PBXGroup;
			children = (
				FB705AB11A521FF0000B5437 /* MemeGenerator */,
				FB705AC71A521FF0000B5437 /* MemeGeneratorTests */,
				FB705AB01A521FF0000B5437 /* Products */,
			);
			sourceTree = "<group>";
		};
		FB705AB01A521FF0000B5437 /* Products */ = {
			isa = PBXGroup;
			children = (
				FB705AAF1A521FF0000B5437 /* MemeGenerator.app */,
				FB705AC41A521FF0000B5437 /* MemeGeneratorTests.xctest */,
			);
			name = Products;
			sourceTree = "<group>";
		};
		FB705AB11A521FF0000B5437 /* MemeGenerator */ = {
			isa = PBXGroup;
			children = (
				FB705AB41A521FF0000B5437 /* AppDelegate.swift */,
				FB705AB61A521FF0000B5437 /* ViewController.swift */,
				FB705AD41A5223B4000B5437 /* MemeViewController.swift */,
				FB705AB81A521FF0000B5437 /* Main.storyboard */,
				FB705ABB1A521FF0000B5437 /* Images.xcassets */,
				FB705ABD1A521FF0000B5437 /* LaunchScreen.xib */,
				FB705AB21A521FF0000B5437 /* Supporting Files */,
			);
			path = MemeGenerator;
			sourceTree = "<group>";
		};
		FB705AB21A521FF0000B5437 /* Supporting Files */ = {
			isa = PBXGroup;
			children = (
				FB705AB31A521FF0000B5437 /* Info.plist */,
			);
			name = "Supporting Files";
			sourceTree = "<group>";
		};
		FB705AC71A521FF0000B5437 /* MemeGeneratorTests */ = {
			isa = PBXGroup;
			children = (
				FB705ACA1A521FF0000B5437 /* MemeGeneratorTests.swift */,
				FB705AC81A521FF0000B5437 /* Supporting Files */,
			);
			path = MemeGeneratorTests;
			sourceTree = "<group>";
		};
		FB705AC81A521FF0000B5437 /* Supporting Files */ = {
			isa = PBXGroup;
			children = (
				FB705AC91A521FF0000B5437 /* Info.plist */,
			);
			name = "Supporting Files";
			sourceTree = "<group>";
		};
/* End PBXGroup section */

/* Begin PBXNativeTarget section */
		FB705AAE1A521FF0000B5437 /* MemeGenerator */ = {
			isa = PBXNativeTarget;
			buildConfigurationList = FB705ACE1A521FF0000B5437 /* Build configuration list for PBXNativeTarget "MemeGenerator" */;
			buildPhases = (
				FB705AAB1A521FF0000B5437 /* Sources */,
				FB705AAC1A521FF0000B5437 /* Frameworks */,
				FB705AAD1A521FF0000B5437 /* Resources */,
			);
			buildRules = (
			);
			dependencies = (
			);
			name = MemeGenerator;
			productName = MemeGenerator;
			productReference = FB705AAF1A521FF0000B5437 /* MemeGenerator.app */;
			productType = "com.apple.product-type.application";
		};
		FB705AC31A521FF0000B5437 /* MemeGeneratorTests */ = {
			isa = PBXNativeTarget;
			buildConfigurationList = FB705AD11A521FF0000B5437 /* Build configuration list for PBXNativeTarget "MemeGeneratorTests" */;
			buildPhases = (
				FB705AC01A521FF0000B5437 /* Sources */,
				FB705AC11A521FF0000B5437 /* Frameworks */,
				FB705AC21A521FF0000B5437 /* Resources */,
			);
			buildRules = (
			);
			dependencies = (
				FB705AC61A521FF0000B5437 /* PBXTargetDependency */,
			);
			name = MemeGeneratorTests;
			productName = MemeGeneratorTests;
			productReference = FB705AC41A521FF0000B5437 /* MemeGeneratorTests.xctest */;
			productType = "com.apple.product-type.bundle.unit-test";
		};
/* End PBXNativeTarget section */

/* Begin PBXProject section */
		FB705AA71A521FF0000B5437 /* Project object */ = {
			isa = PBXProject;
			attributes = {
				LastUpgradeCheck = 0610;
				ORGANIZATIONNAME = "Vinny Carpenter";
				TargetAttributes = {
					FB705AAE1A521FF0000B5437 = {
						CreatedOnToolsVersion = 6.1.1;
					};
					FB705AC31A521FF0000B5437 = {
						CreatedOnToolsVersion = 6.1.1;
						TestTargetID = FB705AAE1A521FF0000B5437;
					};
				};
			};
			buildConfigurationList = FB705AAA1A521FF0000B5437 /* Build configuration list for PBXProject "MemeGenerator" */;
			compatibilityVersion = "Xcode 3.2";
			developmentRegion = English;
			hasScannedForEncodings = 0;
			knownRegions = (
				en,
				Base,
			);
			mainGroup = FB705AA61A521FF0000B5437;
			productRefGroup = FB705AB01A521FF0000B5437 /* Products */;
			projectDirPath = "";
			projectRoot = "";
			targets = (
				FB705AAE1A521FF0000B5437 /* MemeGenerator */,
				FB705AC31A521FF0000B5437 /* MemeGeneratorTests */,
			);
		};
/* End PBXProject section */

/* Begin PBXResourcesBuildPhase section */
		FB705AAD1A521FF0000B5437 /* Resources */ = {
			isa = PBXResourcesBuildPhase;
			buildActionMask = 2147483647;
			files = (
				FB705ABA1A521FF0000B5437 /* Main.storyboard in Resources */,
				FB705ABF1A521FF0000B5437 /* LaunchScreen.xib in Resources */,
				FB705ABC1A521FF0000B5437 /* Images.xcassets in Resources */,
			);
			runOnlyForDeploymentPostprocessing = 0;
		};
		FB705AC21A521FF0000B5437 /* Resources */ = {
			isa = PBXResourcesBuildPhase;
			buildActionMask = 2147483647;
			files = (
			);
			runOnlyForDeploymentPostprocessing = 0;
		};
/* End PBXResourcesBuildPhase section */

/* Begin PBXSourcesBuildPhase section */
		FB705AAB1A521FF0000B5437 /* Sources */ = {
			isa = PBXSourcesBuildPhase;
			buildActionMask = 2147483647;
			files = (
				FB705AB71A521FF0000B5437 /* ViewController.swift in Sources */,
				FB705AD51A5223B4000B5437 /* MemeViewController.swift in Sources */,
				FB705AB51A521FF0000B5437 /* AppDelegate.swift in Sources */,
			);
			runOnlyForDeploymentPostprocessing = 0;
		};
		FB705AC01A521FF0000B5437 /* Sources */ = {
			isa = PBXSourcesBuildPhase;
			buildActionMask = 2147483647;
			files = (
				FB705ACB1A521FF0000B5437 /* MemeGeneratorTests.swift in Sources */,
			);
			runOnlyForDeploymentPostprocessing = 0;
		};
/* End PBXSourcesBuildPhase section */

/* Begin PBXTargetDependency section */
		FB705AC61A521FF0000B5437 /* PBXTargetDependency */ = {
			isa = PBXTargetDependency;
			target = FB705AAE1A521FF0000B5437 /* MemeGenerator */;
			targetProxy = FB705AC51A521FF0000B5437 /* PBXContainerItemProxy */;
		};
/* End PBXTargetDependency section */

/* Begin PBXVariantGroup section */
		FB705AB81A521FF0000B5437 /* Main.storyboard */ = {
			isa = PBXVariantGroup;
			children = (
				FB705AB91A521FF0000B5437 /* Base */,
			);
			name = Main.storyboard;
			sourceTree = "<group>";
		};
		FB705ABD1A521FF0000B5437 /* LaunchScreen.xib */ = {
			isa = PBXVariantGroup;
			children = (
				FB705ABE1A521FF0000B5437 /* Base */,
			);
			name = LaunchScreen.xib;
			sourceTree = "<group>";
		};
/* End PBXVariantGroup section */

/* Begin XCBuildConfiguration section */
		FB705ACC1A521FF0000B5437 /* Debug */ = {
			isa = XCBuildConfiguration;
			buildSettings = {
				ALWAYS_SEARCH_USER_PATHS = NO;
				CLANG_CXX_LANGUAGE_STANDARD = "gnu++0x";
				CLANG_CXX_LIBRARY = "libc++";
				CLANG_ENABLE_MODULES = YES;
				CLANG_ENABLE_OBJC_ARC = YES;
				CLANG_WARN_BOOL_CONVERSION = YES;
				CLANG_WARN_CONSTANT_CONVERSION = YES;
				CLANG_WARN_DIRECT_OBJC_ISA_USAGE = YES_ERROR;
				CLANG_WARN_EMPTY_BODY = YES;
				CLANG_WARN_ENUM_CONVERSION = YES;
				CLANG_WARN_INT_CONVERSION = YES;
				CLANG_WARN_OBJC_ROOT_CLASS = YES_ERROR;
				CLANG_WARN_UNREACHABLE_CODE = YES;
				CLANG_WARN__DUPLICATE_METHOD_MATCH = YES;
				"CODE_SIGN_IDENTITY[sdk=iphoneos*]" = "iPhone Developer";
				COPY_PHASE_STRIP = NO;
				ENABLE_STRICT_OBJC_MSGSEND = YES;
				GCC_C_LANGUAGE_STANDARD = gnu99;
				GCC_DYNAMIC_NO_PIC = NO;
				GCC_OPTIMIZATION_LEVEL = 0;
				GCC_PREPROCESSOR_DEFINITIONS = (
					"DEBUG=1",
					"$(inherited)",
				);
				GCC_SYMBOLS_PRIVATE_EXTERN = NO;
				GCC_WARN_64_TO_32_BIT_CONVERSION = YES;
				GCC_WARN_ABOUT_RETURN_TYPE = YES_ERROR;
				GCC_WARN_UNDECLARED_SELECTOR = YES;
				GCC_WARN_UNINITIALIZED_AUTOS = YES_AGGRESSIVE;
				GCC_WARN_UNUSED_FUNCTION = YES;
				GCC_WARN_UNUSED_VARIABLE = YES;
				IPHONEOS_DEPLOYMENT_TARGET = 8.1;
				MTL_ENABLE_DEBUG_INFO = YES;
				ONLY_ACTIVE_ARCH = YES;
				SDKROOT = iphoneos;
				SWIFT_OPTIMIZATION_LEVEL = "-Onone";
			};
			name = Debug;
		};
		FB705ACD1A521FF0000B5437 /* Release */ = {
			isa = XCBuildConfiguration;
			buildSettings = {
				ALWAYS_SEARCH_USER_PATHS = NO;
				CLANG_CXX_LANGUAGE_STANDARD = "gnu++0x";
				CLANG_CXX_LIBRARY = "libc++";
				CLANG_ENABLE_MODULES = YES;
				CLANG_ENABLE_OBJC_ARC = YES;
				CLANG_WARN_BOOL_CONVERSION = YES;
				CLANG_WARN_CONSTANT_CONVERSION = YES;
				CLANG_WARN_DIRECT_OBJC_ISA_USAGE = YES_ERROR;
				CLANG_WARN_EMPTY_BODY = YES;
				CLANG_WARN_ENUM_CONVERSION = YES;
				CLANG_WARN_INT_CONVERSION = YES;
				CLANG_WARN_OBJC_ROOT_CLASS = YES_ERROR;
				CLANG_WARN_UNREACHABLE_CODE = YES;
				CLANG_WARN__DUPLICATE_METHOD_MATCH = YES;
				"CODE_SIGN_IDENTITY[sdk=iphoneos*]" = "iPhone Developer";
				COPY_PHASE_STRIP = YES;
				ENABLE_NS_ASSERTIONS = NO;
				ENABLE_STRICT_OBJC_MSGSEND = YES;
				GCC_C_LANGUAGE_STANDARD = gnu99;
				GCC_WARN_64_TO_32_BIT_CONVERSION = YES;
				GCC_WARN_ABOUT_RETURN_TYPE = YES_ERROR;
				GCC_WARN_UNDECLARED_SELECTOR = YES;
				GCC_WARN_UNINITIALIZED_AUTOS = YES_AGGRESSIVE;
				GCC_WARN_UNUSED_FUNCTION = YES;
				GCC_WARN_UNUSED_VARIABLE = YES;
				IPHONEOS_DEPLOYMENT_TARGET = 8.1;
				MTL_ENABLE_DEBUG_INFO = NO;
				SDKROOT = iphoneos;
				VALIDATE_PRODUCT = YES;
			};
			name = Release;
		};
		FB705ACF1A521FF0000B5437 /* Debug */ = {
			isa = XCBuildConfiguration;
			buildSettings = {
				ASSETCATALOG_COMPILER_APPICON_NAME = AppIcon;
				INFOPLIST_FILE = MemeGenerator/Info.plist;
				LD_RUNPATH_SEARCH_PATHS = "$(inherited) @executable_path/Frameworks";
				PRODUCT_NAME = "$(TARGET_NAME)";
			};
			name = Debug;
		};
		FB705AD01A521FF0000B5437 /* Release */ = {
			isa = XCBuildConfiguration;
			buildSettings = {
				ASSETCATALOG_COMPILER_APPICON_NAME = AppIcon;
				INFOPLIST_FILE = MemeGenerator/Info.plist;
				LD_RUNPATH_SEARCH_PATHS = "$(inherited) @executable_path/Frameworks";
				PRODUCT_NAME = "$(TARGET_NAME)";
			};
			name = Release;
		};
		FB705AD21A521FF0000B5437 /* Debug */ = {
			isa = XCBuildConfiguration;
			buildSettings = {
				BUNDLE_LOADER = "$(TEST_HOST)";
				FRAMEWORK_SEARCH_PATHS = (
					"$(SDKROOT)/Developer/Library/Frameworks",
					"$(inherited)",
				);
				GCC_PREPROCESSOR_DEFINITIONS = (
					"DEBUG=1",
					"$(inherited)",
				);
				INFOPLIST_FILE = MemeGeneratorTests/Info.plist;
				LD_RUNPATH_SEARCH_PATHS = "$(inherited) @executable_path/Frameworks @loader_path/Frameworks";
				PRODUCT_NAME = "$(TARGET_NAME)";
				TEST_HOST = "$(BUILT_PRODUCTS_DIR)/MemeGenerator.app/MemeGenerator";
			};
			name = Debug;
		};
		FB705AD31A521FF0000B5437 /* Release */ = {
			isa = XCBuildConfiguration;
			buildSettings = {
				BUNDLE_LOADER = "$(TEST_HOST)";
				FRAMEWORK_SEARCH_PATHS = (
					"$(SDKROOT)/Developer/Library/Frameworks",
					"$(inherited)",
				);
				INFOPLIST_FILE = MemeGeneratorTests/Info.plist;
				LD_RUNPATH_SEARCH_PATHS = "$(inherited) @executable_path/Frameworks @loader_path/Frameworks";
				PRODUCT_NAME = "$(TARGET_NAME)";
				TEST_HOST = "$(BUILT_PRODUCTS_DIR)/MemeGenerator.app/MemeGenerator";
			};
			name = Release;
		};
/* End XCBuildConfiguration section */

/* Begin XCConfigurationList section */
		FB705AAA1A521FF0000B5437 /* Build configuration list for PBXProject "MemeGenerator" */ = {
			isa = XCConfigurationList;
			buildConfigurations = (
				FB705ACC1A521FF0000B5437 /* Debug */,
				FB705ACD1A521FF0000B5437 /* Release */,
			);
			defaultConfigurationIsVisible = 0;
			defaultConfigurationName = Release;
		};
		FB705ACE1A521FF0000B5437 /* Build configuration list for PBXNativeTarget "MemeGenerator" */ = {
			isa = XCConfigurationList;
			buildConfigurations = (
				FB705ACF1A521FF0000B5437 /* Debug */,
				FB705AD01A521FF0000B5437 /* Release */,
			);
			defaultConfigurationIsVisible = 0;
		};
		FB705AD11A521FF0000B5437 /* Build configuration list for PBXNativeTarget "MemeGeneratorTests" */ = {
			isa = XCConfigurationList;
			buildConfigurations = (
				FB705AD21A521FF0000B5437 /* Debug */,
				FB705AD31A521FF0000B5437 /* Release */,
			);
			defaultConfigurationIsVisible = 0;
		};
/* End XCConfigurationList section */
	};
	rootObject = FB705AA71A521FF0000B5437 /* Project object */;
}
